// !$*UTF8*$!
{
	archiveVersion = 1;
	classes = {
	};
	objectVersion = 56;
	objects = {

/* Begin PBXBuildFile section */
		06561B832B7BB0CE00AEBA4F /* sample_iosApp.swift in Sources */ = {isa = PBXBuildFile; fileRef = 06561B822B7BB0CE00AEBA4F /* sample_iosApp.swift */; };
		06561B852B7BB0CE00AEBA4F /* ContentView.swift in Sources */ = {isa = PBXBuildFile; fileRef = 06561B842B7BB0CE00AEBA4F /* ContentView.swift */; };
		06561B872B7BB0CF00AEBA4F /* Assets.xcassets in Resources */ = {isa = PBXBuildFile; fileRef = 06561B862B7BB0CF00AEBA4F /* Assets.xcassets */; };
		06561B8A2B7BB0CF00AEBA4F /* Preview Assets.xcassets in Resources */ = {isa = PBXBuildFile; fileRef = 06561B892B7BB0CF00AEBA4F /* Preview Assets.xcassets */; };
		06561B932B82FC9A00AEBA4F /* LoginView.swift in Sources */ = {isa = PBXBuildFile; fileRef = 06561B922B82FC9A00AEBA4F /* LoginView.swift */; };
		06561B972B851E3400AEBA4F /* Router.swift in Sources */ = {isa = PBXBuildFile; fileRef = 06561B962B851E3400AEBA4F /* Router.swift */; };
		06561B992B851E3D00AEBA4F /* AppDelegate.swift in Sources */ = {isa = PBXBuildFile; fileRef = 06561B982B851E3D00AEBA4F /* AppDelegate.swift */; };
		06561B9B2B85340800AEBA4F /* AppSecrets.plist in Resources */ = {isa = PBXBuildFile; fileRef = 06561B9A2B85340800AEBA4F /* AppSecrets.plist */; };
		F99F2B1B21D0AC90D46A2CD1 /* Pods_sample_ios.framework in Frameworks */ = {isa = PBXBuildFile; fileRef = 9B0ADF34F53C7611FB1D3FE9 /* Pods_sample_ios.framework */; };
/* End PBXBuildFile section */

/* Begin PBXFileReference section */
		06561B7F2B7BB0CE00AEBA4F /* sample-ios.app */ = {isa = PBXFileReference; explicitFileType = wrapper.application; includeInIndex = 0; path = "sample-ios.app"; sourceTree = BUILT_PRODUCTS_DIR; };
		06561B822B7BB0CE00AEBA4F /* sample_iosApp.swift */ = {isa = PBXFileReference; lastKnownFileType = sourcecode.swift; path = sample_iosApp.swift; sourceTree = "<group>"; };
		06561B842B7BB0CE00AEBA4F /* ContentView.swift */ = {isa = PBXFileReference; lastKnownFileType = sourcecode.swift; path = ContentView.swift; sourceTree = "<group>"; };
		06561B862B7BB0CF00AEBA4F /* Assets.xcassets */ = {isa = PBXFileReference; lastKnownFileType = folder.assetcatalog; path = Assets.xcassets; sourceTree = "<group>"; };
		06561B892B7BB0CF00AEBA4F /* Preview Assets.xcassets */ = {isa = PBXFileReference; lastKnownFileType = folder.assetcatalog; path = "Preview Assets.xcassets"; sourceTree = "<group>"; };
		06561B922B82FC9A00AEBA4F /* LoginView.swift */ = {isa = PBXFileReference; lastKnownFileType = sourcecode.swift; path = LoginView.swift; sourceTree = "<group>"; };
		06561B962B851E3400AEBA4F /* Router.swift */ = {isa = PBXFileReference; lastKnownFileType = sourcecode.swift; path = Router.swift; sourceTree = "<group>"; };
		06561B982B851E3D00AEBA4F /* AppDelegate.swift */ = {isa = PBXFileReference; lastKnownFileType = sourcecode.swift; path = AppDelegate.swift; sourceTree = "<group>"; };
		06561B9A2B85340800AEBA4F /* AppSecrets.plist */ = {isa = PBXFileReference; lastKnownFileType = text.plist.xml; path = AppSecrets.plist; sourceTree = "<group>"; };
		4CD694248D8614D5098242F9 /* Pods-sample-ios.debug.xcconfig */ = {isa = PBXFileReference; includeInIndex = 1; lastKnownFileType = text.xcconfig; name = "Pods-sample-ios.debug.xcconfig"; path = "Target Support Files/Pods-sample-ios/Pods-sample-ios.debug.xcconfig"; sourceTree = "<group>"; };
		9B0ADF34F53C7611FB1D3FE9 /* Pods_sample_ios.framework */ = {isa = PBXFileReference; explicitFileType = wrapper.framework; includeInIndex = 0; path = Pods_sample_ios.framework; sourceTree = BUILT_PRODUCTS_DIR; };
		E923E6F239F425A83EF92EAB /* Pods-sample-ios.release.xcconfig */ = {isa = PBXFileReference; includeInIndex = 1; lastKnownFileType = text.xcconfig; name = "Pods-sample-ios.release.xcconfig"; path = "Target Support Files/Pods-sample-ios/Pods-sample-ios.release.xcconfig"; sourceTree = "<group>"; };
/* End PBXFileReference section */

/* Begin PBXFrameworksBuildPhase section */
		06561B7C2B7BB0CE00AEBA4F /* Frameworks */ = {
			isa = PBXFrameworksBuildPhase;
			buildActionMask = 2147483647;
			files = (
				F99F2B1B21D0AC90D46A2CD1 /* Pods_sample_ios.framework in Frameworks */,
			);
			runOnlyForDeploymentPostprocessing = 0;
		};
/* End PBXFrameworksBuildPhase section */

/* Begin PBXGroup section */
		06561B762B7BB0CE00AEBA4F = {
			isa = PBXGroup;
			children = (
				06561B9A2B85340800AEBA4F /* AppSecrets.plist */,
				06561B812B7BB0CE00AEBA4F /* sample-ios */,
				06561B802B7BB0CE00AEBA4F /* Products */,
				BFA1319B299369A6C4B1978F /* Pods */,
				FDC662FBA66EF1D1140C81CF /* Frameworks */,
			);
			sourceTree = "<group>";
		};
		06561B802B7BB0CE00AEBA4F /* Products */ = {
			isa = PBXGroup;
			children = (
				06561B7F2B7BB0CE00AEBA4F /* sample-ios.app */,
			);
			name = Products;
			sourceTree = "<group>";
		};
		06561B812B7BB0CE00AEBA4F /* sample-ios */ = {
			isa = PBXGroup;
			children = (
				06561B822B7BB0CE00AEBA4F /* sample_iosApp.swift */,
				06561B842B7BB0CE00AEBA4F /* ContentView.swift */,
				06561B862B7BB0CF00AEBA4F /* Assets.xcassets */,
				06561B882B7BB0CF00AEBA4F /* Preview Content */,
				06561B922B82FC9A00AEBA4F /* LoginView.swift */,
				06561B962B851E3400AEBA4F /* Router.swift */,
				06561B982B851E3D00AEBA4F /* AppDelegate.swift */,
			);
			path = "sample-ios";
			sourceTree = "<group>";
		};
		06561B882B7BB0CF00AEBA4F /* Preview Content */ = {
			isa = PBXGroup;
			children = (
				06561B892B7BB0CF00AEBA4F /* Preview Assets.xcassets */,
			);
			path = "Preview Content";
			sourceTree = "<group>";
		};
		BFA1319B299369A6C4B1978F /* Pods */ = {
			isa = PBXGroup;
			children = (
				4CD694248D8614D5098242F9 /* Pods-sample-ios.debug.xcconfig */,
				E923E6F239F425A83EF92EAB /* Pods-sample-ios.release.xcconfig */,
			);
			path = Pods;
			sourceTree = "<group>";
		};
		FDC662FBA66EF1D1140C81CF /* Frameworks */ = {
			isa = PBXGroup;
			children = (
				9B0ADF34F53C7611FB1D3FE9 /* Pods_sample_ios.framework */,
			);
			name = Frameworks;
			sourceTree = "<group>";
		};
/* End PBXGroup section */

/* Begin PBXNativeTarget section */
		06561B7E2B7BB0CE00AEBA4F /* sample-ios */ = {
			isa = PBXNativeTarget;
			buildConfigurationList = 06561B8D2B7BB0CF00AEBA4F /* Build configuration list for PBXNativeTarget "sample-ios" */;
			buildPhases = (
				C1A6913A3E1CD104986751D2 /* [CP] Check Pods Manifest.lock */,
				06561B7B2B7BB0CE00AEBA4F /* Sources */,
				06561B7C2B7BB0CE00AEBA4F /* Frameworks */,
				06561B7D2B7BB0CE00AEBA4F /* Resources */,
				0861FDB03613C1C440F2C020 /* [CP] Embed Pods Frameworks */,
				CC6EF0B9A50CDC4E08016CC8 /* [CP] Copy Pods Resources */,
			);
			buildRules = (
			);
			dependencies = (
			);
			name = "sample-ios";
			productName = "sample-ios";
			productReference = 06561B7F2B7BB0CE00AEBA4F /* sample-ios.app */;
			productType = "com.apple.product-type.application";
		};
/* End PBXNativeTarget section */

/* Begin PBXProject section */
		06561B772B7BB0CE00AEBA4F /* Project object */ = {
			isa = PBXProject;
			attributes = {
				BuildIndependentTargetsInParallel = 1;
				LastSwiftUpdateCheck = 1520;
				LastUpgradeCheck = 1520;
				TargetAttributes = {
					06561B7E2B7BB0CE00AEBA4F = {
						CreatedOnToolsVersion = 15.2;
					};
				};
			};
			buildConfigurationList = 06561B7A2B7BB0CE00AEBA4F /* Build configuration list for PBXProject "sample-ios" */;
			compatibilityVersion = "Xcode 14.0";
			developmentRegion = en;
			hasScannedForEncodings = 0;
			knownRegions = (
				en,
				Base,
			);
			mainGroup = 06561B762B7BB0CE00AEBA4F;
			productRefGroup = 06561B802B7BB0CE00AEBA4F /* Products */;
			projectDirPath = "";
			projectRoot = "";
			targets = (
				06561B7E2B7BB0CE00AEBA4F /* sample-ios */,
			);
		};
/* End PBXProject section */

/* Begin PBXResourcesBuildPhase section */
		06561B7D2B7BB0CE00AEBA4F /* Resources */ = {
			isa = PBXResourcesBuildPhase;
			buildActionMask = 2147483647;
			files = (
				06561B8A2B7BB0CF00AEBA4F /* Preview Assets.xcassets in Resources */,
				06561B9B2B85340800AEBA4F /* AppSecrets.plist in Resources */,
				06561B872B7BB0CF00AEBA4F /* Assets.xcassets in Resources */,
			);
			runOnlyForDeploymentPostprocessing = 0;
		};
/* End PBXResourcesBuildPhase section */

/* Begin PBXShellScriptBuildPhase section */
		0861FDB03613C1C440F2C020 /* [CP] Embed Pods Frameworks */ = {
			isa = PBXShellScriptBuildPhase;
			buildActionMask = 2147483647;
			files = (
			);
			inputFileListPaths = (
				"${PODS_ROOT}/Target Support Files/Pods-sample-ios/Pods-sample-ios-frameworks-${CONFIGURATION}-input-files.xcfilelist",
			);
			name = "[CP] Embed Pods Frameworks";
			outputFileListPaths = (
				"${PODS_ROOT}/Target Support Files/Pods-sample-ios/Pods-sample-ios-frameworks-${CONFIGURATION}-output-files.xcfilelist",
			);
			runOnlyForDeploymentPostprocessing = 0;
			shellPath = /bin/sh;
			shellScript = "\"${PODS_ROOT}/Target Support Files/Pods-sample-ios/Pods-sample-ios-frameworks.sh\"\n";
			showEnvVarsInLog = 0;
		};
		C1A6913A3E1CD104986751D2 /* [CP] Check Pods Manifest.lock */ = {
			isa = PBXShellScriptBuildPhase;
			buildActionMask = 2147483647;
			files = (
			);
			inputFileListPaths = (
			);
			inputPaths = (
				"${PODS_PODFILE_DIR_PATH}/Podfile.lock",
				"${PODS_ROOT}/Manifest.lock",
			);
			name = "[CP] Check Pods Manifest.lock";
			outputFileListPaths = (
			);
			outputPaths = (
				"$(DERIVED_FILE_DIR)/Pods-sample-ios-checkManifestLockResult.txt",
			);
			runOnlyForDeploymentPostprocessing = 0;
			shellPath = /bin/sh;
			shellScript = "diff \"${PODS_PODFILE_DIR_PATH}/Podfile.lock\" \"${PODS_ROOT}/Manifest.lock\" > /dev/null\nif [ $? != 0 ] ; then\n    # print error to STDERR\n    echo \"error: The sandbox is not in sync with the Podfile.lock. Run 'pod install' or update your CocoaPods installation.\" >&2\n    exit 1\nfi\n# This output is used by Xcode 'outputs' to avoid re-running this script phase.\necho \"SUCCESS\" > \"${SCRIPT_OUTPUT_FILE_0}\"\n";
			showEnvVarsInLog = 0;
		};
		CC6EF0B9A50CDC4E08016CC8 /* [CP] Copy Pods Resources */ = {
			isa = PBXShellScriptBuildPhase;
			buildActionMask = 2147483647;
			files = (
			);
			inputFileListPaths = (
				"${PODS_ROOT}/Target Support Files/Pods-sample-ios/Pods-sample-ios-resources-${CONFIGURATION}-input-files.xcfilelist",
			);
			name = "[CP] Copy Pods Resources";
			outputFileListPaths = (
				"${PODS_ROOT}/Target Support Files/Pods-sample-ios/Pods-sample-ios-resources-${CONFIGURATION}-output-files.xcfilelist",
			);
			runOnlyForDeploymentPostprocessing = 0;
			shellPath = /bin/sh;
			shellScript = "\"${PODS_ROOT}/Target Support Files/Pods-sample-ios/Pods-sample-ios-resources.sh\"\n";
			showEnvVarsInLog = 0;
		};
/* End PBXShellScriptBuildPhase section */

/* Begin PBXSourcesBuildPhase section */
		06561B7B2B7BB0CE00AEBA4F /* Sources */ = {
			isa = PBXSourcesBuildPhase;
			buildActionMask = 2147483647;
			files = (
				06561B972B851E3400AEBA4F /* Router.swift in Sources */,
				06561B932B82FC9A00AEBA4F /* LoginView.swift in Sources */,
				06561B852B7BB0CE00AEBA4F /* ContentView.swift in Sources */,
				06561B992B851E3D00AEBA4F /* AppDelegate.swift in Sources */,
				06561B832B7BB0CE00AEBA4F /* sample_iosApp.swift in Sources */,
			);
			runOnlyForDeploymentPostprocessing = 0;
		};
/* End PBXSourcesBuildPhase section */

/* Begin XCBuildConfiguration section */
		06561B8B2B7BB0CF00AEBA4F /* Debug */ = {
			isa = XCBuildConfiguration;
			buildSettings = {
				ALWAYS_SEARCH_USER_PATHS = NO;
				ASSETCATALOG_COMPILER_GENERATE_SWIFT_ASSET_SYMBOL_EXTENSIONS = YES;
				CLANG_ANALYZER_NONNULL = YES;
				CLANG_ANALYZER_NUMBER_OBJECT_CONVERSION = YES_AGGRESSIVE;
				CLANG_CXX_LANGUAGE_STANDARD = "gnu++20";
				CLANG_ENABLE_MODULES = YES;
				CLANG_ENABLE_OBJC_ARC = YES;
				CLANG_ENABLE_OBJC_WEAK = YES;
				CLANG_WARN_BLOCK_CAPTURE_AUTORELEASING = YES;
				CLANG_WARN_BOOL_CONVERSION = YES;
				CLANG_WARN_COMMA = YES;
				CLANG_WARN_CONSTANT_CONVERSION = YES;
				CLANG_WARN_DEPRECATED_OBJC_IMPLEMENTATIONS = YES;
				CLANG_WARN_DIRECT_OBJC_ISA_USAGE = YES_ERROR;
				CLANG_WARN_DOCUMENTATION_COMMENTS = YES;
				CLANG_WARN_EMPTY_BODY = YES;
				CLANG_WARN_ENUM_CONVERSION = YES;
				CLANG_WARN_INFINITE_RECURSION = YES;
				CLANG_WARN_INT_CONVERSION = YES;
				CLANG_WARN_NON_LITERAL_NULL_CONVERSION = YES;
				CLANG_WARN_OBJC_IMPLICIT_RETAIN_SELF = YES;
				CLANG_WARN_OBJC_LITERAL_CONVERSION = YES;
				CLANG_WARN_OBJC_ROOT_CLASS = YES_ERROR;
				CLANG_WARN_QUOTED_INCLUDE_IN_FRAMEWORK_HEADER = YES;
				CLANG_WARN_RANGE_LOOP_ANALYSIS = YES;
				CLANG_WARN_STRICT_PROTOTYPES = YES;
				CLANG_WARN_SUSPICIOUS_MOVE = YES;
				CLANG_WARN_UNGUARDED_AVAILABILITY = YES_AGGRESSIVE;
				CLANG_WARN_UNREACHABLE_CODE = YES;
				CLANG_WARN__DUPLICATE_METHOD_MATCH = YES;
				COPY_PHASE_STRIP = NO;
				DEBUG_INFORMATION_FORMAT = dwarf;
				ENABLE_STRICT_OBJC_MSGSEND = YES;
				ENABLE_TESTABILITY = YES;
				ENABLE_USER_SCRIPT_SANDBOXING = YES;
				GCC_C_LANGUAGE_STANDARD = gnu17;
				GCC_DYNAMIC_NO_PIC = NO;
				GCC_NO_COMMON_BLOCKS = YES;
				GCC_OPTIMIZATION_LEVEL = 0;
				GCC_PREPROCESSOR_DEFINITIONS = (
					"DEBUG=1",
					"$(inherited)",
				);
				GCC_WARN_64_TO_32_BIT_CONVERSION = YES;
				GCC_WARN_ABOUT_RETURN_TYPE = YES_ERROR;
				GCC_WARN_UNDECLARED_SELECTOR = YES;
				GCC_WARN_UNINITIALIZED_AUTOS = YES_AGGRESSIVE;
				GCC_WARN_UNUSED_FUNCTION = YES;
				GCC_WARN_UNUSED_VARIABLE = YES;
				IPHONEOS_DEPLOYMENT_TARGET = 17.2;
				LOCALIZATION_PREFERS_STRING_CATALOGS = YES;
				MTL_ENABLE_DEBUG_INFO = INCLUDE_SOURCE;
				MTL_FAST_MATH = YES;
				ONLY_ACTIVE_ARCH = YES;
				SDKROOT = iphoneos;
				SWIFT_ACTIVE_COMPILATION_CONDITIONS = "DEBUG $(inherited)";
				SWIFT_OPTIMIZATION_LEVEL = "-Onone";
			};
			name = Debug;
		};
		06561B8C2B7BB0CF00AEBA4F /* Release */ = {
			isa = XCBuildConfiguration;
			buildSettings = {
				ALWAYS_SEARCH_USER_PATHS = NO;
				ASSETCATALOG_COMPILER_GENERATE_SWIFT_ASSET_SYMBOL_EXTENSIONS = YES;
				CLANG_ANALYZER_NONNULL = YES;
				CLANG_ANALYZER_NUMBER_OBJECT_CONVERSION = YES_AGGRESSIVE;
				CLANG_CXX_LANGUAGE_STANDARD = "gnu++20";
				CLANG_ENABLE_MODULES = YES;
				CLANG_ENABLE_OBJC_ARC = YES;
				CLANG_ENABLE_OBJC_WEAK = YES;
				CLANG_WARN_BLOCK_CAPTURE_AUTORELEASING = YES;
				CLANG_WARN_BOOL_CONVERSION = YES;
				CLANG_WARN_COMMA = YES;
				CLANG_WARN_CONSTANT_CONVERSION = YES;
				CLANG_WARN_DEPRECATED_OBJC_IMPLEMENTATIONS = YES;
				CLANG_WARN_DIRECT_OBJC_ISA_USAGE = YES_ERROR;
				CLANG_WARN_DOCUMENTATION_COMMENTS = YES;
				CLANG_WARN_EMPTY_BODY = YES;
				CLANG_WARN_ENUM_CONVERSION = YES;
				CLANG_WARN_INFINITE_RECURSION = YES;
				CLANG_WARN_INT_CONVERSION = YES;
				CLANG_WARN_NON_LITERAL_NULL_CONVERSION = YES;
				CLANG_WARN_OBJC_IMPLICIT_RETAIN_SELF = YES;
				CLANG_WARN_OBJC_LITERAL_CONVERSION = YES;
				CLANG_WARN_OBJC_ROOT_CLASS = YES_ERROR;
				CLANG_WARN_QUOTED_INCLUDE_IN_FRAMEWORK_HEADER = YES;
				CLANG_WARN_RANGE_LOOP_ANALYSIS = YES;
				CLANG_WARN_STRICT_PROTOTYPES = YES;
				CLANG_WARN_SUSPICIOUS_MOVE = YES;
				CLANG_WARN_UNGUARDED_AVAILABILITY = YES_AGGRESSIVE;
				CLANG_WARN_UNREACHABLE_CODE = YES;
				CLANG_WARN__DUPLICATE_METHOD_MATCH = YES;
				COPY_PHASE_STRIP = NO;
				DEBUG_INFORMATION_FORMAT = "dwarf-with-dsym";
				ENABLE_NS_ASSERTIONS = NO;
				ENABLE_STRICT_OBJC_MSGSEND = YES;
				ENABLE_USER_SCRIPT_SANDBOXING = YES;
				GCC_C_LANGUAGE_STANDARD = gnu17;
				GCC_NO_COMMON_BLOCKS = YES;
				GCC_WARN_64_TO_32_BIT_CONVERSION = YES;
				GCC_WARN_ABOUT_RETURN_TYPE = YES_ERROR;
				GCC_WARN_UNDECLARED_SELECTOR = YES;
				GCC_WARN_UNINITIALIZED_AUTOS = YES_AGGRESSIVE;
				GCC_WARN_UNUSED_FUNCTION = YES;
				GCC_WARN_UNUSED_VARIABLE = YES;
				IPHONEOS_DEPLOYMENT_TARGET = 17.2;
				LOCALIZATION_PREFERS_STRING_CATALOGS = YES;
				MTL_ENABLE_DEBUG_INFO = NO;
				MTL_FAST_MATH = YES;
				SDKROOT = iphoneos;
				SWIFT_COMPILATION_MODE = wholemodule;
				VALIDATE_PRODUCT = YES;
			};
			name = Release;
		};
		06561B8E2B7BB0CF00AEBA4F /* Debug */ = {
			isa = XCBuildConfiguration;
			baseConfigurationReference = 4CD694248D8614D5098242F9 /* Pods-sample-ios.debug.xcconfig */;
			buildSettings = {
				ASSETCATALOG_COMPILER_APPICON_NAME = AppIcon;
				ASSETCATALOG_COMPILER_GLOBAL_ACCENT_COLOR_NAME = AccentColor;
				CODE_SIGN_STYLE = Automatic;
				CURRENT_PROJECT_VERSION = 1;
				DEVELOPMENT_ASSET_PATHS = "\"sample-ios/Preview Content\"";
				DEVELOPMENT_TEAM = 2X56L589EV;
				ENABLE_PREVIEWS = YES;
				ENABLE_USER_SCRIPT_SANDBOXING = NO;
				GENERATE_INFOPLIST_FILE = YES;
				INFOPLIST_KEY_UIApplicationSceneManifest_Generation = YES;
				INFOPLIST_KEY_UIApplicationSupportsIndirectInputEvents = YES;
				INFOPLIST_KEY_UILaunchScreen_Generation = YES;
				INFOPLIST_KEY_UISupportedInterfaceOrientations_iPad = "UIInterfaceOrientationPortrait UIInterfaceOrientationPortraitUpsideDown UIInterfaceOrientationLandscapeLeft UIInterfaceOrientationLandscapeRight";
				INFOPLIST_KEY_UISupportedInterfaceOrientations_iPhone = "UIInterfaceOrientationPortrait UIInterfaceOrientationLandscapeLeft UIInterfaceOrientationLandscapeRight";
				LD_RUNPATH_SEARCH_PATHS = (
					"$(inherited)",
					"@executable_path/Frameworks",
				);
				MARKETING_VERSION = 1.0;
				PRODUCT_BUNDLE_IDENTIFIER = "ai.botstacks.sdk.sample-ios";
				PRODUCT_NAME = "$(TARGET_NAME)";
				SWIFT_EMIT_LOC_STRINGS = YES;
				SWIFT_VERSION = 5.0;
				TARGETED_DEVICE_FAMILY = "1,2";
			};
			name = Debug;
		};
		06561B8F2B7BB0CF00AEBA4F /* Release */ = {
			isa = XCBuildConfiguration;
			baseConfigurationReference = E923E6F239F425A83EF92EAB /* Pods-sample-ios.release.xcconfig */;
			buildSettings = {
				ASSETCATALOG_COMPILER_APPICON_NAME = AppIcon;
				ASSETCATALOG_COMPILER_GLOBAL_ACCENT_COLOR_NAME = AccentColor;
				CODE_SIGN_STYLE = Automatic;
				CURRENT_PROJECT_VERSION = 1;
				DEVELOPMENT_ASSET_PATHS = "\"sample-ios/Preview Content\"";
				DEVELOPMENT_TEAM = 2X56L589EV;
				ENABLE_PREVIEWS = YES;
				ENABLE_USER_SCRIPT_SANDBOXING = NO;
				GENERATE_INFOPLIST_FILE = YES;
				INFOPLIST_KEY_UIApplicationSceneManifest_Generation = YES;
				INFOPLIST_KEY_UIApplicationSupportsIndirectInputEvents = YES;
				INFOPLIST_KEY_UILaunchScreen_Generation = YES;
				INFOPLIST_KEY_UISupportedInterfaceOrientations_iPad = "UIInterfaceOrientationPortrait UIInterfaceOrientationPortraitUpsideDown UIInterfaceOrientationLandscapeLeft UIInterfaceOrientationLandscapeRight";
				INFOPLIST_KEY_UISupportedInterfaceOrientations_iPhone = "UIInterfaceOrientationPortrait UIInterfaceOrientationLandscapeLeft UIInterfaceOrientationLandscapeRight";
				LD_RUNPATH_SEARCH_PATHS = (
					"$(inherited)",
					"@executable_path/Frameworks",
				);
				MARKETING_VERSION = 1.0;
				PRODUCT_BUNDLE_IDENTIFIER = "ai.botstacks.sdk.sample-ios";
				PRODUCT_NAME = "$(TARGET_NAME)";
				SWIFT_EMIT_LOC_STRINGS = YES;
				SWIFT_VERSION = 5.0;
				TARGETED_DEVICE_FAMILY = "1,2";
			};
			name = Release;
		};
/* End XCBuildConfiguration section */

/* Begin XCConfigurationList section */
		06561B7A2B7BB0CE00AEBA4F /* Build configuration list for PBXProject "sample-ios" */ = {
			isa = XCConfigurationList;
			buildConfigurations = (
				06561B8B2B7BB0CF00AEBA4F /* Debug */,
				06561B8C2B7BB0CF00AEBA4F /* Release */,
			);
			defaultConfigurationIsVisible = 0;
			defaultConfigurationName = Release;
		};
		06561B8D2B7BB0CF00AEBA4F /* Build configuration list for PBXNativeTarget "sample-ios" */ = {
			isa = XCConfigurationList;
			buildConfigurations = (
				06561B8E2B7BB0CF00AEBA4F /* Debug */,
				06561B8F2B7BB0CF00AEBA4F /* Release */,
			);
			defaultConfigurationIsVisible = 0;
			defaultConfigurationName = Release;
		};
/* End XCConfigurationList section */
	};
	rootObject = 06561B772B7BB0CE00AEBA4F /* Project object */;
}
